
Microsoft Visual Studio Solution File, Format Version 12.00
# Visual Studio Version 17
VisualStudioVersion = 17.8.34330.188
MinimumVisualStudioVersion = 10.0.40219.1
Project("{2150E333-8FDC-42A3-9474-1A3956D46DE8}") = "Solution Items", "Solution Items", "{7A74B58B-C65D-452B-86E8-E4F525CF248E}"
	ProjectSection(SolutionItems) = preProject
		global.json = global.json
		README.md = README.md
		..\..\Stored\Study\Xây dựng hệ thống với kiến trúc Micro-service\tedu-aspnetcore-microservices-training-master\resources\Tedu-Microservices-Solution_Architect.jpg = ..\..\Stored\Study\Xây dựng hệ thống với kiến trúc Micro-service\tedu-aspnetcore-microservices-training-master\resources\Tedu-Microservices-Solution_Architect.jpg
		docker-compose.yml = docker-compose.yml
		docker-compose.override.yml = docker-compose.override.yml
	EndProjectSection
EndProject
Project("{2150E333-8FDC-42A3-9474-1A3956D46DE8}") = "src", "src", "{25FD0A7B-1C90-4CB7-B50C-CB0338A18FDD}"
EndProject
Project("{2150E333-8FDC-42A3-9474-1A3956D46DE8}") = "tests", "tests", "{366C0E28-55D4-447F-917A-368A3CB8F401}"
EndProject
Project("{2150E333-8FDC-42A3-9474-1A3956D46DE8}") = "ApiGateways", "ApiGateways", "{A34AF257-8BFE-4ABB-B84A-CE0F4DE8CE6A}"
EndProject
Project("{2150E333-8FDC-42A3-9474-1A3956D46DE8}") = "BuidlingBlocks", "BuidlingBlocks", "{80662320-DAA3-4003-B982-422D26CFA4D5}"
EndProject
Project("{2150E333-8FDC-42A3-9474-1A3956D46DE8}") = "Services", "Services", "{DC9CE8C3-20E9-402E-BAC9-0556C75D36FB}"
EndProject
Project("{2150E333-8FDC-42A3-9474-1A3956D46DE8}") = "WebApps", "WebApps", "{A3ADC7E3-724B-40E4-AC4B-975536D70565}"
EndProject
Project("{FAE04EC0-301F-11D3-BF4B-00C04F79EFBC}") = "Common.Logging", "src\BuildingBlocks\Common.Logging\Common.Logging.csproj", "{9494E26C-9408-498B-8562-17978C5DF1DD}"
EndProject
Project("{FAE04EC0-301F-11D3-BF4B-00C04F79EFBC}") = "EventBus.Messages", "src\BuildingBlocks\EventBus.Messages\EventBus.Messages.csproj", "{9123C64A-ACD8-4C45-BEBB-F98ED42CCCA9}"
EndProject
Project("{2150E333-8FDC-42A3-9474-1A3956D46DE8}") = "Basket", "Basket", "{A422ABE6-DCCC-4869-824D-BADC32C14B00}"
EndProject
Project("{2150E333-8FDC-42A3-9474-1A3956D46DE8}") = "Customer", "Customer", "{CC654EAD-6C88-461A-9B8E-2789A6DD5032}"
EndProject
Project("{2150E333-8FDC-42A3-9474-1A3956D46DE8}") = "Inventory", "Inventory", "{8F4384C7-BC6C-412F-A026-1E3AC1FCF51F}"
EndProject
Project("{2150E333-8FDC-42A3-9474-1A3956D46DE8}") = "Ordering", "Ordering", "{B8618089-89F0-4712-A65D-51A323051A93}"
EndProject
Project("{2150E333-8FDC-42A3-9474-1A3956D46DE8}") = "Product", "Product", "{BDC63795-B6EA-4D74-9440-5C83B86C50A7}"
EndProject
Project("{2150E333-8FDC-42A3-9474-1A3956D46DE8}") = "ScheduledJob", "ScheduledJob", "{1E37C2ED-6758-4B52-ADDC-5543AF2B80A1}"
EndProject
Project("{FAE04EC0-301F-11D3-BF4B-00C04F79EFBC}") = "WebHealthStatus", "src\WebApps\WebHealthStatus\WebHealthStatus.csproj", "{1E2F98AC-73AF-469D-B410-E53BE05D0C65}"
EndProject
Project("{FAE04EC0-301F-11D3-BF4B-00C04F79EFBC}") = "Inventory.Product.API", "src\Services\Inventory.Product.API\Inventory.Product.API.csproj", "{10F44A05-841E-490F-BBBE-E80A7AC8E8A7}"
EndProject
Project("{FAE04EC0-301F-11D3-BF4B-00C04F79EFBC}") = "Customer.API", "src\Services\Customer.API\Customer.API.csproj", "{35B13120-92F1-4F6B-B899-1A77163F771A}"
EndProject
Project("{FAE04EC0-301F-11D3-BF4B-00C04F79EFBC}") = "Basket.API", "src\Services\Basket.API\Basket.API.csproj", "{5C26AAC5-5CD8-42E2-B294-58D1A26717BB}"
EndProject
Project("{FAE04EC0-301F-11D3-BF4B-00C04F79EFBC}") = "Product.API", "src\Services\Product.API\Product.API.csproj", "{E69DD42D-7B5C-4B76-9762-FE8C6D9ED7DC}"
EndProject
Project("{FAE04EC0-301F-11D3-BF4B-00C04F79EFBC}") = "Ordering.API", "src\Services\Ordering.API\Ordering.API.csproj", "{84E2E995-3181-41A0-B152-FA14BB5BD690}"
EndProject
Project("{FAE04EC0-301F-11D3-BF4B-00C04F79EFBC}") = "Hangfire.API", "src\Services\Hangfire.API\Hangfire.API.csproj", "{A37FCE63-04FC-4CC8-95B2-437DA1DA4117}"
EndProject
Project("{FAE04EC0-301F-11D3-BF4B-00C04F79EFBC}") = "Contracts", "src\BuildingBlocks\Contracts\Contracts.csproj", "{B3D8F7BD-6495-4972-9D9D-7F11BDBD6EEF}"
EndProject
Project("{FAE04EC0-301F-11D3-BF4B-00C04F79EFBC}") = "Shared", "src\BuildingBlocks\Shared\Shared.csproj", "{42897D32-C9AE-4356-9B63-C8BA14AE4F5E}"
EndProject
Project("{FAE04EC0-301F-11D3-BF4B-00C04F79EFBC}") = "Infrastructure", "src\BuildingBlocks\Infrastructure\Infrastructure.csproj", "{D852595F-A110-43AB-9B78-C05D7655E144}"
EndProject
Project("{FAE04EC0-301F-11D3-BF4B-00C04F79EFBC}") = "OcelotApiGw", "src\ApiGateways\OcelotApiGw\OcelotApiGw.csproj", "{4333556F-607F-423F-B59C-298826DCE5AD}"
EndProject
Global
	GlobalSection(SolutionConfigurationPlatforms) = preSolution
		Debug|Any CPU = Debug|Any CPU
		Release|Any CPU = Release|Any CPU
	EndGlobalSection
	GlobalSection(ProjectConfigurationPlatforms) = postSolution
		{9494E26C-9408-498B-8562-17978C5DF1DD}.Debug|Any CPU.ActiveCfg = Debug|Any CPU
		{9494E26C-9408-498B-8562-17978C5DF1DD}.Debug|Any CPU.Build.0 = Debug|Any CPU
		{9494E26C-9408-498B-8562-17978C5DF1DD}.Release|Any CPU.ActiveCfg = Release|Any CPU
		{9494E26C-9408-498B-8562-17978C5DF1DD}.Release|Any CPU.Build.0 = Release|Any CPU
		{9123C64A-ACD8-4C45-BEBB-F98ED42CCCA9}.Debug|Any CPU.ActiveCfg = Debug|Any CPU
		{9123C64A-ACD8-4C45-BEBB-F98ED42CCCA9}.Debug|Any CPU.Build.0 = Debug|Any CPU
		{9123C64A-ACD8-4C45-BEBB-F98ED42CCCA9}.Release|Any CPU.ActiveCfg = Release|Any CPU
		{9123C64A-ACD8-4C45-BEBB-F98ED42CCCA9}.Release|Any CPU.Build.0 = Release|Any CPU
		{1E2F98AC-73AF-469D-B410-E53BE05D0C65}.Debug|Any CPU.ActiveCfg = Debug|Any CPU
		{1E2F98AC-73AF-469D-B410-E53BE05D0C65}.Debug|Any CPU.Build.0 = Debug|Any CPU
		{1E2F98AC-73AF-469D-B410-E53BE05D0C65}.Release|Any CPU.ActiveCfg = Release|Any CPU
		{1E2F98AC-73AF-469D-B410-E53BE05D0C65}.Release|Any CPU.Build.0 = Release|Any CPU
		{10F44A05-841E-490F-BBBE-E80A7AC8E8A7}.Debug|Any CPU.ActiveCfg = Debug|Any CPU
		{10F44A05-841E-490F-BBBE-E80A7AC8E8A7}.Debug|Any CPU.Build.0 = Debug|Any CPU
		{10F44A05-841E-490F-BBBE-E80A7AC8E8A7}.Release|Any CPU.ActiveCfg = Release|Any CPU
		{10F44A05-841E-490F-BBBE-E80A7AC8E8A7}.Release|Any CPU.Build.0 = Release|Any CPU
		{35B13120-92F1-4F6B-B899-1A77163F771A}.Debug|Any CPU.ActiveCfg = Debug|Any CPU
		{35B13120-92F1-4F6B-B899-1A77163F771A}.Debug|Any CPU.Build.0 = Debug|Any CPU
		{35B13120-92F1-4F6B-B899-1A77163F771A}.Release|Any CPU.ActiveCfg = Release|Any CPU
		{35B13120-92F1-4F6B-B899-1A77163F771A}.Release|Any CPU.Build.0 = Release|Any CPU
		{5C26AAC5-5CD8-42E2-B294-58D1A26717BB}.Debug|Any CPU.ActiveCfg = Debug|Any CPU
		{5C26AAC5-5CD8-42E2-B294-58D1A26717BB}.Debug|Any CPU.Build.0 = Debug|Any CPU
		{5C26AAC5-5CD8-42E2-B294-58D1A26717BB}.Release|Any CPU.ActiveCfg = Release|Any CPU
		{5C26AAC5-5CD8-42E2-B294-58D1A26717BB}.Release|Any CPU.Build.0 = Release|Any CPU
		{E69DD42D-7B5C-4B76-9762-FE8C6D9ED7DC}.Debug|Any CPU.ActiveCfg = Debug|Any CPU
		{E69DD42D-7B5C-4B76-9762-FE8C6D9ED7DC}.Debug|Any CPU.Build.0 = Debug|Any CPU
		{E69DD42D-7B5C-4B76-9762-FE8C6D9ED7DC}.Release|Any CPU.ActiveCfg = Release|Any CPU
		{E69DD42D-7B5C-4B76-9762-FE8C6D9ED7DC}.Release|Any CPU.Build.0 = Release|Any CPU
		{84E2E995-3181-41A0-B152-FA14BB5BD690}.Debug|Any CPU.ActiveCfg = Debug|Any CPU
		{84E2E995-3181-41A0-B152-FA14BB5BD690}.Debug|Any CPU.Build.0 = Debug|Any CPU
		{84E2E995-3181-41A0-B152-FA14BB5BD690}.Release|Any CPU.ActiveCfg = Release|Any CPU
		{84E2E995-3181-41A0-B152-FA14BB5BD690}.Release|Any CPU.Build.0 = Release|Any CPU
		{A37FCE63-04FC-4CC8-95B2-437DA1DA4117}.Debug|Any CPU.ActiveCfg = Debug|Any CPU
		{A37FCE63-04FC-4CC8-95B2-437DA1DA4117}.Debug|Any CPU.Build.0 = Debug|Any CPU
		{A37FCE63-04FC-4CC8-95B2-437DA1DA4117}.Release|Any CPU.ActiveCfg = Release|Any CPU
		{A37FCE63-04FC-4CC8-95B2-437DA1DA4117}.Release|Any CPU.Build.0 = Release|Any CPU
		{B3D8F7BD-6495-4972-9D9D-7F11BDBD6EEF}.Debug|Any CPU.ActiveCfg = Debug|Any CPU
		{B3D8F7BD-6495-4972-9D9D-7F11BDBD6EEF}.Debug|Any CPU.Build.0 = Debug|Any CPU
		{B3D8F7BD-6495-4972-9D9D-7F11BDBD6EEF}.Release|Any CPU.ActiveCfg = Release|Any CPU
		{B3D8F7BD-6495-4972-9D9D-7F11BDBD6EEF}.Release|Any CPU.Build.0 = Release|Any CPU
		{42897D32-C9AE-4356-9B63-C8BA14AE4F5E}.Debug|Any CPU.ActiveCfg = Debug|Any CPU
		{42897D32-C9AE-4356-9B63-C8BA14AE4F5E}.Debug|Any CPU.Build.0 = Debug|Any CPU
		{42897D32-C9AE-4356-9B63-C8BA14AE4F5E}.Release|Any CPU.ActiveCfg = Release|Any CPU
		{42897D32-C9AE-4356-9B63-C8BA14AE4F5E}.Release|Any CPU.Build.0 = Release|Any CPU
		{D852595F-A110-43AB-9B78-C05D7655E144}.Debug|Any CPU.ActiveCfg = Debug|Any CPU
		{D852595F-A110-43AB-9B78-C05D7655E144}.Debug|Any CPU.Build.0 = Debug|Any CPU
		{D852595F-A110-43AB-9B78-C05D7655E144}.Release|Any CPU.ActiveCfg = Release|Any CPU
		{D852595F-A110-43AB-9B78-C05D7655E144}.Release|Any CPU.Build.0 = Release|Any CPU
		{4333556F-607F-423F-B59C-298826DCE5AD}.Debug|Any CPU.ActiveCfg = Debug|Any CPU
		{4333556F-607F-423F-B59C-298826DCE5AD}.Debug|Any CPU.Build.0 = Debug|Any CPU
		{4333556F-607F-423F-B59C-298826DCE5AD}.Release|Any CPU.ActiveCfg = Release|Any CPU
		{4333556F-607F-423F-B59C-298826DCE5AD}.Release|Any CPU.Build.0 = Release|Any CPU
	EndGlobalSection
	GlobalSection(SolutionProperties) = preSolution
		HideSolutionNode = FALSE
	EndGlobalSection
	GlobalSection(NestedProjects) = preSolution
		{A34AF257-8BFE-4ABB-B84A-CE0F4DE8CE6A} = {25FD0A7B-1C90-4CB7-B50C-CB0338A18FDD}
		{80662320-DAA3-4003-B982-422D26CFA4D5} = {25FD0A7B-1C90-4CB7-B50C-CB0338A18FDD}
		{DC9CE8C3-20E9-402E-BAC9-0556C75D36FB} = {25FD0A7B-1C90-4CB7-B50C-CB0338A18FDD}
		{A3ADC7E3-724B-40E4-AC4B-975536D70565} = {25FD0A7B-1C90-4CB7-B50C-CB0338A18FDD}
		{9494E26C-9408-498B-8562-17978C5DF1DD} = {80662320-DAA3-4003-B982-422D26CFA4D5}
		{9123C64A-ACD8-4C45-BEBB-F98ED42CCCA9} = {80662320-DAA3-4003-B982-422D26CFA4D5}
		{A422ABE6-DCCC-4869-824D-BADC32C14B00} = {DC9CE8C3-20E9-402E-BAC9-0556C75D36FB}
		{CC654EAD-6C88-461A-9B8E-2789A6DD5032} = {DC9CE8C3-20E9-402E-BAC9-0556C75D36FB}
		{8F4384C7-BC6C-412F-A026-1E3AC1FCF51F} = {DC9CE8C3-20E9-402E-BAC9-0556C75D36FB}
		{B8618089-89F0-4712-A65D-51A323051A93} = {DC9CE8C3-20E9-402E-BAC9-0556C75D36FB}
		{BDC63795-B6EA-4D74-9440-5C83B86C50A7} = {DC9CE8C3-20E9-402E-BAC9-0556C75D36FB}
		{1E37C2ED-6758-4B52-ADDC-5543AF2B80A1} = {DC9CE8C3-20E9-402E-BAC9-0556C75D36FB}
		{1E2F98AC-73AF-469D-B410-E53BE05D0C65} = {A3ADC7E3-724B-40E4-AC4B-975536D70565}
		{10F44A05-841E-490F-BBBE-E80A7AC8E8A7} = {8F4384C7-BC6C-412F-A026-1E3AC1FCF51F}
		{35B13120-92F1-4F6B-B899-1A77163F771A} = {CC654EAD-6C88-461A-9B8E-2789A6DD5032}
		{5C26AAC5-5CD8-42E2-B294-58D1A26717BB} = {A422ABE6-DCCC-4869-824D-BADC32C14B00}
		{E69DD42D-7B5C-4B76-9762-FE8C6D9ED7DC} = {BDC63795-B6EA-4D74-9440-5C83B86C50A7}
		{84E2E995-3181-41A0-B152-FA14BB5BD690} = {B8618089-89F0-4712-A65D-51A323051A93}
		{A37FCE63-04FC-4CC8-95B2-437DA1DA4117} = {1E37C2ED-6758-4B52-ADDC-5543AF2B80A1}
		{B3D8F7BD-6495-4972-9D9D-7F11BDBD6EEF} = {80662320-DAA3-4003-B982-422D26CFA4D5}
		{42897D32-C9AE-4356-9B63-C8BA14AE4F5E} = {80662320-DAA3-4003-B982-422D26CFA4D5}
		{D852595F-A110-43AB-9B78-C05D7655E144} = {80662320-DAA3-4003-B982-422D26CFA4D5}
		{4333556F-607F-423F-B59C-298826DCE5AD} = {A34AF257-8BFE-4ABB-B84A-CE0F4DE8CE6A}
	EndGlobalSection
	GlobalSection(ExtensibilityGlobals) = postSolution
		SolutionGuid = {1C19D5BF-D4F0-4F22-9CD1-736024A620A8}
	EndGlobalSection
EndGlobal
